
Microsoft Visual Studio Solution File, Format Version 12.00
# Visual Studio Version 17
VisualStudioVersion = 17.9.34622.214
MinimumVisualStudioVersion = 10.0.40219.1
Project("{2150E333-8FDC-42A3-9474-1A3956D46DE8}") = "src", "src", "{7654117A-02D5-4958-A079-F94218102913}"
EndProject
Project("{2150E333-8FDC-42A3-9474-1A3956D46DE8}") = "Services", "Services", "{022D3343-C5A2-41EE-ACC7-00DE78E7F776}"
EndProject
Project("{2150E333-8FDC-42A3-9474-1A3956D46DE8}") = "Wallets", "Wallets", "{33960DF1-31B3-40EA-A288-315470D8FFEA}"
EndProject
Project("{2150E333-8FDC-42A3-9474-1A3956D46DE8}") = "Transactions", "Transactions", "{C7B05377-5B8D-4D1B-ACD3-1B4CB6E61FA7}"
EndProject
Project("{2150E333-8FDC-42A3-9474-1A3956D46DE8}") = "Users", "Users", "{47475AD3-C6FA-4381-B871-628B033DD9BB}"
EndProject
Project("{2150E333-8FDC-42A3-9474-1A3956D46DE8}") = "Coins", "Coins", "{9F826AC4-E49A-49AC-9C98-C1758C982C95}"
EndProject
Project("{9A19103F-16F7-4668-BE54-9A1E7A4F7556}") = "CExchange.Services.Coins.Core", "src\Services\Coins\CExchange.Services.Coins.Core\CExchange.Services.Coins.Core.csproj", "{5761A990-50BB-4C55-945A-EA1729976795}"
EndProject
Project("{2150E333-8FDC-42A3-9474-1A3956D46DE8}") = "Framework", "Framework", "{B308EC1E-6234-4417-BA8D-DDB571BCAE21}"
EndProject
Project("{9A19103F-16F7-4668-BE54-9A1E7A4F7556}") = "Micro", "src\Framework\Micro\Micro.csproj", "{954DA5B9-C673-40E1-A930-30CA026A3D92}"
EndProject
Project("{FAE04EC0-301F-11D3-BF4B-00C04F79EFBC}") = "CExchange.Services.Users.Core", "src\Services\Users\CExchange.Services.Users.Core\CExchange.Services.Users.Core.csproj", "{E8C84F3F-C0AC-4861-9A4C-BED1C03C930F}"
EndProject
Project("{FAE04EC0-301F-11D3-BF4B-00C04F79EFBC}") = "CExchange.Services.Users.Api", "src\Services\Users\CExchange.Services.Users.Api\CExchange.Services.Users.Api.csproj", "{2571F366-2234-4137-9CBF-34478026FB1C}"
EndProject
Global
	GlobalSection(SolutionConfigurationPlatforms) = preSolution
		Debug|Any CPU = Debug|Any CPU
		Release|Any CPU = Release|Any CPU
	EndGlobalSection
	GlobalSection(ProjectConfigurationPlatforms) = postSolution
		{5761A990-50BB-4C55-945A-EA1729976795}.Debug|Any CPU.ActiveCfg = Debug|Any CPU
		{5761A990-50BB-4C55-945A-EA1729976795}.Debug|Any CPU.Build.0 = Debug|Any CPU
		{5761A990-50BB-4C55-945A-EA1729976795}.Release|Any CPU.ActiveCfg = Release|Any CPU
		{5761A990-50BB-4C55-945A-EA1729976795}.Release|Any CPU.Build.0 = Release|Any CPU
		{954DA5B9-C673-40E1-A930-30CA026A3D92}.Debug|Any CPU.ActiveCfg = Debug|Any CPU
		{954DA5B9-C673-40E1-A930-30CA026A3D92}.Debug|Any CPU.Build.0 = Debug|Any CPU
		{954DA5B9-C673-40E1-A930-30CA026A3D92}.Release|Any CPU.ActiveCfg = Release|Any CPU
		{954DA5B9-C673-40E1-A930-30CA026A3D92}.Release|Any CPU.Build.0 = Release|Any CPU
		{E8C84F3F-C0AC-4861-9A4C-BED1C03C930F}.Debug|Any CPU.ActiveCfg = Debug|Any CPU
		{E8C84F3F-C0AC-4861-9A4C-BED1C03C930F}.Debug|Any CPU.Build.0 = Debug|Any CPU
		{E8C84F3F-C0AC-4861-9A4C-BED1C03C930F}.Release|Any CPU.ActiveCfg = Release|Any CPU
		{E8C84F3F-C0AC-4861-9A4C-BED1C03C930F}.Release|Any CPU.Build.0 = Release|Any CPU
		{2571F366-2234-4137-9CBF-34478026FB1C}.Debug|Any CPU.ActiveCfg = Debug|Any CPU
		{2571F366-2234-4137-9CBF-34478026FB1C}.Debug|Any CPU.Build.0 = Debug|Any CPU
		{2571F366-2234-4137-9CBF-34478026FB1C}.Release|Any CPU.ActiveCfg = Release|Any CPU
		{2571F366-2234-4137-9CBF-34478026FB1C}.Release|Any CPU.Build.0 = Release|Any CPU
	EndGlobalSection
	GlobalSection(SolutionProperties) = preSolution
		HideSolutionNode = FALSE
	EndGlobalSection
	GlobalSection(NestedProjects) = preSolution
		{022D3343-C5A2-41EE-ACC7-00DE78E7F776} = {7654117A-02D5-4958-A079-F94218102913}
		{33960DF1-31B3-40EA-A288-315470D8FFEA} = {022D3343-C5A2-41EE-ACC7-00DE78E7F776}
		{C7B05377-5B8D-4D1B-ACD3-1B4CB6E61FA7} = {022D3343-C5A2-41EE-ACC7-00DE78E7F776}
		{47475AD3-C6FA-4381-B871-628B033DD9BB} = {022D3343-C5A2-41EE-ACC7-00DE78E7F776}
		{9F826AC4-E49A-49AC-9C98-C1758C982C95} = {022D3343-C5A2-41EE-ACC7-00DE78E7F776}
		{5761A990-50BB-4C55-945A-EA1729976795} = {9F826AC4-E49A-49AC-9C98-C1758C982C95}
		{B308EC1E-6234-4417-BA8D-DDB571BCAE21} = {7654117A-02D5-4958-A079-F94218102913}
		{954DA5B9-C673-40E1-A930-30CA026A3D92} = {B308EC1E-6234-4417-BA8D-DDB571BCAE21}
		{E8C84F3F-C0AC-4861-9A4C-BED1C03C930F} = {47475AD3-C6FA-4381-B871-628B033DD9BB}
		{2571F366-2234-4137-9CBF-34478026FB1C} = {47475AD3-C6FA-4381-B871-628B033DD9BB}
	EndGlobalSection
	GlobalSection(ExtensibilityGlobals) = postSolution
		SolutionGuid = {5C0739A6-B4B2-4D61-89E6-99409A04142F}
	EndGlobalSection
EndGlobal
