
Microsoft Visual Studio Solution File, Format Version 12.00
# Visual Studio Version 17
VisualStudioVersion = 17.9.34622.214
MinimumVisualStudioVersion = 10.0.40219.1
Project("{2150E333-8FDC-42A3-9474-1A3956D46DE8}") = "src", "src", "{7654117A-02D5-4958-A079-F94218102913}"
EndProject
Project("{2150E333-8FDC-42A3-9474-1A3956D46DE8}") = "Services", "Services", "{022D3343-C5A2-41EE-ACC7-00DE78E7F776}"
EndProject
Global
	GlobalSection(SolutionProperties) = preSolution
		HideSolutionNode = FALSE
	EndGlobalSection
	GlobalSection(NestedProjects) = preSolution
		{022D3343-C5A2-41EE-ACC7-00DE78E7F776} = {7654117A-02D5-4958-A079-F94218102913}
	EndGlobalSection
	GlobalSection(ExtensibilityGlobals) = postSolution
		SolutionGuid = {5C0739A6-B4B2-4D61-89E6-99409A04142F}
	EndGlobalSection
EndGlobal
